
Microsoft Visual Studio Solution File, Format Version 12.00
# Visual Studio Version 16
VisualStudioVersion = 16.0.30330.147
MinimumVisualStudioVersion = 10.0.40219.1
Project("{9A19103F-16F7-4668-BE54-9A1E7A4F7556}") = "DeviceApp", "DeviceApp.csproj", "{B337C680-7F93-4881-97ED-F37063FA4A8B}"
EndProject
Global
	GlobalSection(SolutionConfigurationPlatforms) = preSolution
		Debug|Any CPU = Debug|Any CPU
		Release|Any CPU = Release|Any CPU
	EndGlobalSection
	GlobalSection(ProjectConfigurationPlatforms) = postSolution
		{B337C680-7F93-4881-97ED-F37063FA4A8B}.Debug|Any CPU.ActiveCfg = Debug|Any CPU
		{B337C680-7F93-4881-97ED-F37063FA4A8B}.Debug|Any CPU.Build.0 = Debug|Any CPU
		{B337C680-7F93-4881-97ED-F37063FA4A8B}.Release|Any CPU.ActiveCfg = Release|Any CPU
		{B337C680-7F93-4881-97ED-F37063FA4A8B}.Release|Any CPU.Build.0 = Release|Any CPU
	EndGlobalSection
	GlobalSection(SolutionProperties) = preSolution
		HideSolutionNode = FALSE
	EndGlobalSection
	GlobalSection(ExtensibilityGlobals) = postSolution
		SolutionGuid = {022FD2AB-F7D1-4F71-869F-ED03E3533958}
	EndGlobalSection
EndGlobal
